// !$*UTF8*$!
{
	archiveVersion = 1;
	classes = {
	};
	objectVersion = 56;
	objects = {

/* Begin PBXBuildFile section */
		DCC6B9CD2B56A1D00039A664 /* AppDelegate.swift in Sources */ = {isa = PBXBuildFile; fileRef = DCC6B9CC2B56A1D00039A664 /* AppDelegate.swift */; };
		DCC6B9CF2B56A1D00039A664 /* SceneDelegate.swift in Sources */ = {isa = PBXBuildFile; fileRef = DCC6B9CE2B56A1D00039A664 /* SceneDelegate.swift */; };
		DCC6B9D12B56A1D00039A664 /* ViewController.swift in Sources */ = {isa = PBXBuildFile; fileRef = DCC6B9D02B56A1D00039A664 /* ViewController.swift */; };
		DCC6B9D42B56A1D00039A664 /* Main.storyboard in Resources */ = {isa = PBXBuildFile; fileRef = DCC6B9D22B56A1D00039A664 /* Main.storyboard */; };
		DCC6B9D62B56A1D10039A664 /* Assets.xcassets in Resources */ = {isa = PBXBuildFile; fileRef = DCC6B9D52B56A1D10039A664 /* Assets.xcassets */; };
		DCC6B9D92B56A1D10039A664 /* LaunchScreen.storyboard in Resources */ = {isa = PBXBuildFile; fileRef = DCC6B9D72B56A1D10039A664 /* LaunchScreen.storyboard */; };
		DCC6B9E12B56A52A0039A664 /* LottoViewController.swift in Sources */ = {isa = PBXBuildFile; fileRef = DCC6B9E02B56A52A0039A664 /* LottoViewController.swift */; };
		DCC6B9E32B56AB4A0039A664 /* LottoApiManager.swift in Sources */ = {isa = PBXBuildFile; fileRef = DCC6B9E22B56AB4A0039A664 /* LottoApiManager.swift */; };
		DCC6B9E62B56AB7F0039A664 /* Alamofire in Frameworks */ = {isa = PBXBuildFile; productRef = DCC6B9E52B56AB7F0039A664 /* Alamofire */; };
/* End PBXBuildFile section */

/* Begin PBXFileReference section */
		DCC6B9C92B56A1D00039A664 /* network_assignment.app */ = {isa = PBXFileReference; explicitFileType = wrapper.application; includeInIndex = 0; path = network_assignment.app; sourceTree = BUILT_PRODUCTS_DIR; };
		DCC6B9CC2B56A1D00039A664 /* AppDelegate.swift */ = {isa = PBXFileReference; lastKnownFileType = sourcecode.swift; path = AppDelegate.swift; sourceTree = "<group>"; };
		DCC6B9CE2B56A1D00039A664 /* SceneDelegate.swift */ = {isa = PBXFileReference; lastKnownFileType = sourcecode.swift; path = SceneDelegate.swift; sourceTree = "<group>"; };
		DCC6B9D02B56A1D00039A664 /* ViewController.swift */ = {isa = PBXFileReference; lastKnownFileType = sourcecode.swift; path = ViewController.swift; sourceTree = "<group>"; };
		DCC6B9D32B56A1D00039A664 /* Base */ = {isa = PBXFileReference; lastKnownFileType = file.storyboard; name = Base; path = Base.lproj/Main.storyboard; sourceTree = "<group>"; };
		DCC6B9D52B56A1D10039A664 /* Assets.xcassets */ = {isa = PBXFileReference; lastKnownFileType = folder.assetcatalog; path = Assets.xcassets; sourceTree = "<group>"; };
		DCC6B9D82B56A1D10039A664 /* Base */ = {isa = PBXFileReference; lastKnownFileType = file.storyboard; name = Base; path = Base.lproj/LaunchScreen.storyboard; sourceTree = "<group>"; };
		DCC6B9DA2B56A1D10039A664 /* Info.plist */ = {isa = PBXFileReference; lastKnownFileType = text.plist.xml; path = Info.plist; sourceTree = "<group>"; };
		DCC6B9E02B56A52A0039A664 /* LottoViewController.swift */ = {isa = PBXFileReference; lastKnownFileType = sourcecode.swift; path = LottoViewController.swift; sourceTree = "<group>"; };
		DCC6B9E22B56AB4A0039A664 /* LottoApiManager.swift */ = {isa = PBXFileReference; lastKnownFileType = sourcecode.swift; path = LottoApiManager.swift; sourceTree = "<group>"; };
/* End PBXFileReference section */

/* Begin PBXFrameworksBuildPhase section */
		DCC6B9C62B56A1D00039A664 /* Frameworks */ = {
			isa = PBXFrameworksBuildPhase;
			buildActionMask = 2147483647;
			files = (
				DCC6B9E62B56AB7F0039A664 /* Alamofire in Frameworks */,
			);
			runOnlyForDeploymentPostprocessing = 0;
		};
/* End PBXFrameworksBuildPhase section */

/* Begin PBXGroup section */
		DCC6B9C02B56A1D00039A664 = {
			isa = PBXGroup;
			children = (
				DCC6B9CB2B56A1D00039A664 /* network_assignment */,
				DCC6B9CA2B56A1D00039A664 /* Products */,
			);
			sourceTree = "<group>";
		};
		DCC6B9CA2B56A1D00039A664 /* Products */ = {
			isa = PBXGroup;
			children = (
				DCC6B9C92B56A1D00039A664 /* network_assignment.app */,
			);
			name = Products;
			sourceTree = "<group>";
		};
		DCC6B9CB2B56A1D00039A664 /* network_assignment */ = {
			isa = PBXGroup;
			children = (
				DCC6B9CC2B56A1D00039A664 /* AppDelegate.swift */,
				DCC6B9CE2B56A1D00039A664 /* SceneDelegate.swift */,
				DCC6B9D02B56A1D00039A664 /* ViewController.swift */,
				DCC6B9D22B56A1D00039A664 /* Main.storyboard */,
				DCC6B9E22B56AB4A0039A664 /* LottoApiManager.swift */,
				DCC6B9E02B56A52A0039A664 /* LottoViewController.swift */,
				DCC6B9D52B56A1D10039A664 /* Assets.xcassets */,
				DCC6B9D72B56A1D10039A664 /* LaunchScreen.storyboard */,
				DCC6B9DA2B56A1D10039A664 /* Info.plist */,
			);
			path = network_assignment;
			sourceTree = "<group>";
		};
/* End PBXGroup section */

/* Begin PBXNativeTarget section */
		DCC6B9C82B56A1D00039A664 /* network_assignment */ = {
			isa = PBXNativeTarget;
			buildConfigurationList = DCC6B9DD2B56A1D10039A664 /* Build configuration list for PBXNativeTarget "network_assignment" */;
			buildPhases = (
				DCC6B9C52B56A1D00039A664 /* Sources */,
				DCC6B9C62B56A1D00039A664 /* Frameworks */,
				DCC6B9C72B56A1D00039A664 /* Resources */,
			);
			buildRules = (
			);
			dependencies = (
			);
			name = network_assignment;
			packageProductDependencies = (
				DCC6B9E52B56AB7F0039A664 /* Alamofire */,
			);
			productName = network_assignment;
			productReference = DCC6B9C92B56A1D00039A664 /* network_assignment.app */;
			productType = "com.apple.product-type.application";
		};
/* End PBXNativeTarget section */

/* Begin PBXProject section */
		DCC6B9C12B56A1D00039A664 /* Project object */ = {
			isa = PBXProject;
			attributes = {
				BuildIndependentTargetsInParallel = 1;
				LastSwiftUpdateCheck = 1500;
				LastUpgradeCheck = 1500;
				TargetAttributes = {
					DCC6B9C82B56A1D00039A664 = {
						CreatedOnToolsVersion = 15.0.1;
					};
				};
			};
			buildConfigurationList = DCC6B9C42B56A1D00039A664 /* Build configuration list for PBXProject "network_assignment" */;
			compatibilityVersion = "Xcode 14.0";
			developmentRegion = en;
			hasScannedForEncodings = 0;
			knownRegions = (
				en,
				Base,
			);
			mainGroup = DCC6B9C02B56A1D00039A664;
			packageReferences = (
				DCC6B9E42B56AB7F0039A664 /* XCRemoteSwiftPackageReference "Alamofire" */,
			);
			productRefGroup = DCC6B9CA2B56A1D00039A664 /* Products */;
			projectDirPath = "";
			projectRoot = "";
			targets = (
				DCC6B9C82B56A1D00039A664 /* network_assignment */,
			);
		};
/* End PBXProject section */

/* Begin PBXResourcesBuildPhase section */
		DCC6B9C72B56A1D00039A664 /* Resources */ = {
			isa = PBXResourcesBuildPhase;
			buildActionMask = 2147483647;
			files = (
				DCC6B9D92B56A1D10039A664 /* LaunchScreen.storyboard in Resources */,
				DCC6B9D62B56A1D10039A664 /* Assets.xcassets in Resources */,
				DCC6B9D42B56A1D00039A664 /* Main.storyboard in Resources */,
			);
			runOnlyForDeploymentPostprocessing = 0;
		};
/* End PBXResourcesBuildPhase section */

/* Begin PBXSourcesBuildPhase section */
		DCC6B9C52B56A1D00039A664 /* Sources */ = {
			isa = PBXSourcesBuildPhase;
			buildActionMask = 2147483647;
			files = (
				DCC6B9D12B56A1D00039A664 /* ViewController.swift in Sources */,
				DCC6B9E32B56AB4A0039A664 /* LottoApiManager.swift in Sources */,
				DCC6B9E12B56A52A0039A664 /* LottoViewController.swift in Sources */,
				DCC6B9CD2B56A1D00039A664 /* AppDelegate.swift in Sources */,
				DCC6B9CF2B56A1D00039A664 /* SceneDelegate.swift in Sources */,
			);
			runOnlyForDeploymentPostprocessing = 0;
		};
/* End PBXSourcesBuildPhase section */

/* Begin PBXVariantGroup section */
		DCC6B9D22B56A1D00039A664 /* Main.storyboard */ = {
			isa = PBXVariantGroup;
			children = (
				DCC6B9D32B56A1D00039A664 /* Base */,
			);
			name = Main.storyboard;
			sourceTree = "<group>";
		};
		DCC6B9D72B56A1D10039A664 /* LaunchScreen.storyboard */ = {
			isa = PBXVariantGroup;
			children = (
				DCC6B9D82B56A1D10039A664 /* Base */,
			);
			name = LaunchScreen.storyboard;
			sourceTree = "<group>";
		};
/* End PBXVariantGroup section */

/* Begin XCBuildConfiguration section */
		DCC6B9DB2B56A1D10039A664 /* Debug */ = {
			isa = XCBuildConfiguration;
			buildSettings = {
				ALWAYS_SEARCH_USER_PATHS = NO;
				ASSETCATALOG_COMPILER_GENERATE_SWIFT_ASSET_SYMBOL_EXTENSIONS = YES;
				CLANG_ANALYZER_NONNULL = YES;
				CLANG_ANALYZER_NUMBER_OBJECT_CONVERSION = YES_AGGRESSIVE;
				CLANG_CXX_LANGUAGE_STANDARD = "gnu++20";
				CLANG_ENABLE_MODULES = YES;
				CLANG_ENABLE_OBJC_ARC = YES;
				CLANG_ENABLE_OBJC_WEAK = YES;
				CLANG_WARN_BLOCK_CAPTURE_AUTORELEASING = YES;
				CLANG_WARN_BOOL_CONVERSION = YES;
				CLANG_WARN_COMMA = YES;
				CLANG_WARN_CONSTANT_CONVERSION = YES;
				CLANG_WARN_DEPRECATED_OBJC_IMPLEMENTATIONS = YES;
				CLANG_WARN_DIRECT_OBJC_ISA_USAGE = YES_ERROR;
				CLANG_WARN_DOCUMENTATION_COMMENTS = YES;
				CLANG_WARN_EMPTY_BODY = YES;
				CLANG_WARN_ENUM_CONVERSION = YES;
				CLANG_WARN_INFINITE_RECURSION = YES;
				CLANG_WARN_INT_CONVERSION = YES;
				CLANG_WARN_NON_LITERAL_NULL_CONVERSION = YES;
				CLANG_WARN_OBJC_IMPLICIT_RETAIN_SELF = YES;
				CLANG_WARN_OBJC_LITERAL_CONVERSION = YES;
				CLANG_WARN_OBJC_ROOT_CLASS = YES_ERROR;
				CLANG_WARN_QUOTED_INCLUDE_IN_FRAMEWORK_HEADER = YES;
				CLANG_WARN_RANGE_LOOP_ANALYSIS = YES;
				CLANG_WARN_STRICT_PROTOTYPES = YES;
				CLANG_WARN_SUSPICIOUS_MOVE = YES;
				CLANG_WARN_UNGUARDED_AVAILABILITY = YES_AGGRESSIVE;
				CLANG_WARN_UNREACHABLE_CODE = YES;
				CLANG_WARN__DUPLICATE_METHOD_MATCH = YES;
				COPY_PHASE_STRIP = NO;
				DEBUG_INFORMATION_FORMAT = dwarf;
				ENABLE_STRICT_OBJC_MSGSEND = YES;
				ENABLE_TESTABILITY = YES;
				ENABLE_USER_SCRIPT_SANDBOXING = YES;
				GCC_C_LANGUAGE_STANDARD = gnu17;
				GCC_DYNAMIC_NO_PIC = NO;
				GCC_NO_COMMON_BLOCKS = YES;
				GCC_OPTIMIZATION_LEVEL = 0;
				GCC_PREPROCESSOR_DEFINITIONS = (
					"DEBUG=1",
					"$(inherited)",
				);
				GCC_WARN_64_TO_32_BIT_CONVERSION = YES;
				GCC_WARN_ABOUT_RETURN_TYPE = YES_ERROR;
				GCC_WARN_UNDECLARED_SELECTOR = YES;
				GCC_WARN_UNINITIALIZED_AUTOS = YES_AGGRESSIVE;
				GCC_WARN_UNUSED_FUNCTION = YES;
				GCC_WARN_UNUSED_VARIABLE = YES;
				IPHONEOS_DEPLOYMENT_TARGET = 17.0;
				LOCALIZATION_PREFERS_STRING_CATALOGS = YES;
				MTL_ENABLE_DEBUG_INFO = INCLUDE_SOURCE;
				MTL_FAST_MATH = YES;
				ONLY_ACTIVE_ARCH = YES;
				SDKROOT = iphoneos;
				SWIFT_ACTIVE_COMPILATION_CONDITIONS = "DEBUG $(inherited)";
				SWIFT_OPTIMIZATION_LEVEL = "-Onone";
			};
			name = Debug;
		};
		DCC6B9DC2B56A1D10039A664 /* Release */ = {
			isa = XCBuildConfiguration;
			buildSettings = {
				ALWAYS_SEARCH_USER_PATHS = NO;
				ASSETCATALOG_COMPILER_GENERATE_SWIFT_ASSET_SYMBOL_EXTENSIONS = YES;
				CLANG_ANALYZER_NONNULL = YES;
				CLANG_ANALYZER_NUMBER_OBJECT_CONVERSION = YES_AGGRESSIVE;
				CLANG_CXX_LANGUAGE_STANDARD = "gnu++20";
				CLANG_ENABLE_MODULES = YES;
				CLANG_ENABLE_OBJC_ARC = YES;
				CLANG_ENABLE_OBJC_WEAK = YES;
				CLANG_WARN_BLOCK_CAPTURE_AUTORELEASING = YES;
				CLANG_WARN_BOOL_CONVERSION = YES;
				CLANG_WARN_COMMA = YES;
				CLANG_WARN_CONSTANT_CONVERSION = YES;
				CLANG_WARN_DEPRECATED_OBJC_IMPLEMENTATIONS = YES;
				CLANG_WARN_DIRECT_OBJC_ISA_USAGE = YES_ERROR;
				CLANG_WARN_DOCUMENTATION_COMMENTS = YES;
				CLANG_WARN_EMPTY_BODY = YES;
				CLANG_WARN_ENUM_CONVERSION = YES;
				CLANG_WARN_INFINITE_RECURSION = YES;
				CLANG_WARN_INT_CONVERSION = YES;
				CLANG_WARN_NON_LITERAL_NULL_CONVERSION = YES;
				CLANG_WARN_OBJC_IMPLICIT_RETAIN_SELF = YES;
				CLANG_WARN_OBJC_LITERAL_CONVERSION = YES;
				CLANG_WARN_OBJC_ROOT_CLASS = YES_ERROR;
				CLANG_WARN_QUOTED_INCLUDE_IN_FRAMEWORK_HEADER = YES;
				CLANG_WARN_RANGE_LOOP_ANALYSIS = YES;
				CLANG_WARN_STRICT_PROTOTYPES = YES;
				CLANG_WARN_SUSPICIOUS_MOVE = YES;
				CLANG_WARN_UNGUARDED_AVAILABILITY = YES_AGGRESSIVE;
				CLANG_WARN_UNREACHABLE_CODE = YES;
				CLANG_WARN__DUPLICATE_METHOD_MATCH = YES;
				COPY_PHASE_STRIP = NO;
				DEBUG_INFORMATION_FORMAT = "dwarf-with-dsym";
				ENABLE_NS_ASSERTIONS = NO;
				ENABLE_STRICT_OBJC_MSGSEND = YES;
				ENABLE_USER_SCRIPT_SANDBOXING = YES;
				GCC_C_LANGUAGE_STANDARD = gnu17;
				GCC_NO_COMMON_BLOCKS = YES;
				GCC_WARN_64_TO_32_BIT_CONVERSION = YES;
				GCC_WARN_ABOUT_RETURN_TYPE = YES_ERROR;
				GCC_WARN_UNDECLARED_SELECTOR = YES;
				GCC_WARN_UNINITIALIZED_AUTOS = YES_AGGRESSIVE;
				GCC_WARN_UNUSED_FUNCTION = YES;
				GCC_WARN_UNUSED_VARIABLE = YES;
				IPHONEOS_DEPLOYMENT_TARGET = 17.0;
				LOCALIZATION_PREFERS_STRING_CATALOGS = YES;
				MTL_ENABLE_DEBUG_INFO = NO;
				MTL_FAST_MATH = YES;
				SDKROOT = iphoneos;
				SWIFT_COMPILATION_MODE = wholemodule;
				VALIDATE_PRODUCT = YES;
			};
			name = Release;
		};
		DCC6B9DE2B56A1D10039A664 /* Debug */ = {
			isa = XCBuildConfiguration;
			buildSettings = {
				ASSETCATALOG_COMPILER_APPICON_NAME = AppIcon;
				ASSETCATALOG_COMPILER_GLOBAL_ACCENT_COLOR_NAME = AccentColor;
				CODE_SIGN_STYLE = Automatic;
				CURRENT_PROJECT_VERSION = 1;
				GENERATE_INFOPLIST_FILE = YES;
				INFOPLIST_FILE = network_assignment/Info.plist;
				INFOPLIST_KEY_UIApplicationSupportsIndirectInputEvents = YES;
				INFOPLIST_KEY_UILaunchStoryboardName = LaunchScreen;
				INFOPLIST_KEY_UIMainStoryboardFile = Main;
				INFOPLIST_KEY_UISupportedInterfaceOrientations_iPad = "UIInterfaceOrientationPortrait UIInterfaceOrientationPortraitUpsideDown UIInterfaceOrientationLandscapeLeft UIInterfaceOrientationLandscapeRight";
				INFOPLIST_KEY_UISupportedInterfaceOrientations_iPhone = "UIInterfaceOrientationPortrait UIInterfaceOrientationLandscapeLeft UIInterfaceOrientationLandscapeRight";
				LD_RUNPATH_SEARCH_PATHS = (
					"$(inherited)",
					"@executable_path/Frameworks",
				);
				MARKETING_VERSION = 1.0;
				PRODUCT_BUNDLE_IDENTIFIER = "com.sammy.network-assignment";
				PRODUCT_NAME = "$(TARGET_NAME)";
				SUPPORTED_PLATFORMS = "iphoneos iphonesimulator";
				SUPPORTS_MACCATALYST = NO;
				SUPPORTS_MAC_DESIGNED_FOR_IPHONE_IPAD = NO;
				SWIFT_EMIT_LOC_STRINGS = YES;
				SWIFT_VERSION = 5.0;
				TARGETED_DEVICE_FAMILY = 1;
			};
			name = Debug;
		};
		DCC6B9DF2B56A1D10039A664 /* Release */ = {
			isa = XCBuildConfiguration;
			buildSettings = {
				ASSETCATALOG_COMPILER_APPICON_NAME = AppIcon;
				ASSETCATALOG_COMPILER_GLOBAL_ACCENT_COLOR_NAME = AccentColor;
				CODE_SIGN_STYLE = Automatic;
				CURRENT_PROJECT_VERSION = 1;
				GENERATE_INFOPLIST_FILE = YES;
				INFOPLIST_FILE = network_assignment/Info.plist;
				INFOPLIST_KEY_UIApplicationSupportsIndirectInputEvents = YES;
				INFOPLIST_KEY_UILaunchStoryboardName = LaunchScreen;
				INFOPLIST_KEY_UIMainStoryboardFile = Main;
				INFOPLIST_KEY_UISupportedInterfaceOrientations_iPad = "UIInterfaceOrientationPortrait UIInterfaceOrientationPortraitUpsideDown UIInterfaceOrientationLandscapeLeft UIInterfaceOrientationLandscapeRight";
				INFOPLIST_KEY_UISupportedInterfaceOrientations_iPhone = "UIInterfaceOrientationPortrait UIInterfaceOrientationLandscapeLeft UIInterfaceOrientationLandscapeRight";
				LD_RUNPATH_SEARCH_PATHS = (
					"$(inherited)",
					"@executable_path/Frameworks",
				);
				MARKETING_VERSION = 1.0;
				PRODUCT_BUNDLE_IDENTIFIER = "com.sammy.network-assignment";
				PRODUCT_NAME = "$(TARGET_NAME)";
				SUPPORTED_PLATFORMS = "iphoneos iphonesimulator";
				SUPPORTS_MACCATALYST = NO;
				SUPPORTS_MAC_DESIGNED_FOR_IPHONE_IPAD = NO;
				SWIFT_EMIT_LOC_STRINGS = YES;
				SWIFT_VERSION = 5.0;
				TARGETED_DEVICE_FAMILY = 1;
			};
			name = Release;
		};
/* End XCBuildConfiguration section */

/* Begin XCConfigurationList section */
		DCC6B9C42B56A1D00039A664 /* Build configuration list for PBXProject "network_assignment" */ = {
			isa = XCConfigurationList;
			buildConfigurations = (
				DCC6B9DB2B56A1D10039A664 /* Debug */,
				DCC6B9DC2B56A1D10039A664 /* Release */,
			);
			defaultConfigurationIsVisible = 0;
			defaultConfigurationName = Release;
		};
		DCC6B9DD2B56A1D10039A664 /* Build configuration list for PBXNativeTarget "network_assignment" */ = {
			isa = XCConfigurationList;
			buildConfigurations = (
				DCC6B9DE2B56A1D10039A664 /* Debug */,
				DCC6B9DF2B56A1D10039A664 /* Release */,
			);
			defaultConfigurationIsVisible = 0;
			defaultConfigurationName = Release;
		};
/* End XCConfigurationList section */

/* Begin XCRemoteSwiftPackageReference section */
		DCC6B9E42B56AB7F0039A664 /* XCRemoteSwiftPackageReference "Alamofire" */ = {
			isa = XCRemoteSwiftPackageReference;
			repositoryURL = "https://github.com/Alamofire/Alamofire.git";
			requirement = {
				kind = upToNextMajorVersion;
				minimumVersion = 5.8.1;
			};
		};
/* End XCRemoteSwiftPackageReference section */

/* Begin XCSwiftPackageProductDependency section */
		DCC6B9E52B56AB7F0039A664 /* Alamofire */ = {
			isa = XCSwiftPackageProductDependency;
			package = DCC6B9E42B56AB7F0039A664 /* XCRemoteSwiftPackageReference "Alamofire" */;
			productName = Alamofire;
		};
/* End XCSwiftPackageProductDependency section */
	};
	rootObject = DCC6B9C12B56A1D00039A664 /* Project object */;
}
